
Microsoft Visual Studio Solution File, Format Version 12.00
# Visual Studio Version 17
VisualStudioVersion = 17.11.35303.130
MinimumVisualStudioVersion = 10.0.40219.1
Project("{FAE04EC0-301F-11D3-BF4B-00C04F79EFBC}") = "RouteFinder", "RouteFinder\RouteFinder.csproj", "{63316A81-330A-4406-BF36-122058334837}"
EndProject
Project("{FAE04EC0-301F-11D3-BF4B-00C04F79EFBC}") = "RouteFinder.Models", "RouteFinder.Models\RouteFinder.Models.csproj", "{163E4C12-736D-4683-9A69-611BBF583D71}"
EndProject
Project("{FAE04EC0-301F-11D3-BF4B-00C04F79EFBC}") = "RouteFinder.Service", "RouteFinder.Service\RouteFinder.Service.csproj", "{9FF6C56F-6E81-4A05-96C2-16858EF7F6AF}"
EndProject
Project("{FAE04EC0-301F-11D3-BF4B-00C04F79EFBC}") = "RouteFinder.Tests", "RouteFinder.Tests\RouteFinder.Tests.csproj", "{124F20B7-A71E-4F41-ADD4-104A14CC622C}"
EndProject
Project("{2150E333-8FDC-42A3-9474-1A3956D46DE8}") = "Solution Items", "Solution Items", "{EE589D39-B323-4BC6-96B9-5404085EF8E3}"
	ProjectSection(SolutionItems) = preProject
		ReadMe.md = ReadMe.md
	EndProjectSection
EndProject
Global
	GlobalSection(SolutionConfigurationPlatforms) = preSolution
		Debug|Any CPU = Debug|Any CPU
		Release|Any CPU = Release|Any CPU
	EndGlobalSection
	GlobalSection(ProjectConfigurationPlatforms) = postSolution
		{63316A81-330A-4406-BF36-122058334837}.Debug|Any CPU.ActiveCfg = Debug|Any CPU
		{63316A81-330A-4406-BF36-122058334837}.Debug|Any CPU.Build.0 = Debug|Any CPU
		{63316A81-330A-4406-BF36-122058334837}.Release|Any CPU.ActiveCfg = Release|Any CPU
		{63316A81-330A-4406-BF36-122058334837}.Release|Any CPU.Build.0 = Release|Any CPU
		{163E4C12-736D-4683-9A69-611BBF583D71}.Debug|Any CPU.ActiveCfg = Debug|Any CPU
		{163E4C12-736D-4683-9A69-611BBF583D71}.Debug|Any CPU.Build.0 = Debug|Any CPU
		{163E4C12-736D-4683-9A69-611BBF583D71}.Release|Any CPU.ActiveCfg = Release|Any CPU
		{163E4C12-736D-4683-9A69-611BBF583D71}.Release|Any CPU.Build.0 = Release|Any CPU
		{9FF6C56F-6E81-4A05-96C2-16858EF7F6AF}.Debug|Any CPU.ActiveCfg = Debug|Any CPU
		{9FF6C56F-6E81-4A05-96C2-16858EF7F6AF}.Debug|Any CPU.Build.0 = Debug|Any CPU
		{9FF6C56F-6E81-4A05-96C2-16858EF7F6AF}.Release|Any CPU.ActiveCfg = Release|Any CPU
		{9FF6C56F-6E81-4A05-96C2-16858EF7F6AF}.Release|Any CPU.Build.0 = Release|Any CPU
		{124F20B7-A71E-4F41-ADD4-104A14CC622C}.Debug|Any CPU.ActiveCfg = Debug|Any CPU
		{124F20B7-A71E-4F41-ADD4-104A14CC622C}.Debug|Any CPU.Build.0 = Debug|Any CPU
		{124F20B7-A71E-4F41-ADD4-104A14CC622C}.Release|Any CPU.ActiveCfg = Release|Any CPU
		{124F20B7-A71E-4F41-ADD4-104A14CC622C}.Release|Any CPU.Build.0 = Release|Any CPU
	EndGlobalSection
	GlobalSection(SolutionProperties) = preSolution
		HideSolutionNode = FALSE
	EndGlobalSection
	GlobalSection(ExtensibilityGlobals) = postSolution
		SolutionGuid = {2153DE89-F6C3-4003-A68F-09E3E02FBF6E}
	EndGlobalSection
EndGlobal
